
Microsoft Visual Studio Solution File, Format Version 12.00
# Visual Studio Version 17
VisualStudioVersion = 17.1.32421.90
MinimumVisualStudioVersion = 10.0.40219.1
Project("{FAE04EC0-301F-11D3-BF4B-00C04F79EFBC}") = "Project_QuanLyCuaHangSach", "Project_QuanLyCuaHangSach.csproj", "{8F7E8819-EC40-4D44-A8AD-5A7E5CB0B59B}"
EndProject
Global
	GlobalSection(SolutionConfigurationPlatforms) = preSolution
		Debug|Any CPU = Debug|Any CPU
		Release|Any CPU = Release|Any CPU
	EndGlobalSection
	GlobalSection(ProjectConfigurationPlatforms) = postSolution
		{8F7E8819-EC40-4D44-A8AD-5A7E5CB0B59B}.Debug|Any CPU.ActiveCfg = Debug|Any CPU
		{8F7E8819-EC40-4D44-A8AD-5A7E5CB0B59B}.Debug|Any CPU.Build.0 = Debug|Any CPU
		{8F7E8819-EC40-4D44-A8AD-5A7E5CB0B59B}.Release|Any CPU.ActiveCfg = Release|Any CPU
		{8F7E8819-EC40-4D44-A8AD-5A7E5CB0B59B}.Release|Any CPU.Build.0 = Release|Any CPU
	EndGlobalSection
	GlobalSection(SolutionProperties) = preSolution
		HideSolutionNode = FALSE
	EndGlobalSection
	GlobalSection(ExtensibilityGlobals) = postSolution
		SolutionGuid = {1E0B6571-1700-45B5-9DAB-4055D2D422AF}
	EndGlobalSection
EndGlobal
